
Microsoft Visual Studio Solution File, Format Version 12.00
# Visual Studio 15
VisualStudioVersion = 15.0.28307.136
MinimumVisualStudioVersion = 10.0.40219.1
Project("{9A19103F-16F7-4668-BE54-9A1E7A4F7556}") = "Host", "Host\Host.csproj", "{3B52903A-C38B-4056-9C69-A770909C70F9}"
EndProject
Project("{FAE04EC0-301F-11D3-BF4B-00C04F79EFBC}") = "Web", "Web\Web.csproj", "{65548AA2-DE1D-4AE4-825E-488083A59B02}"
EndProject
Global
	GlobalSection(SolutionConfigurationPlatforms) = preSolution
		Debug|Any CPU = Debug|Any CPU
		Release|Any CPU = Release|Any CPU
	EndGlobalSection
	GlobalSection(ProjectConfigurationPlatforms) = postSolution
		{3B52903A-C38B-4056-9C69-A770909C70F9}.Debug|Any CPU.ActiveCfg = Debug|Any CPU
		{3B52903A-C38B-4056-9C69-A770909C70F9}.Debug|Any CPU.Build.0 = Debug|Any CPU
		{3B52903A-C38B-4056-9C69-A770909C70F9}.Release|Any CPU.ActiveCfg = Release|Any CPU
		{3B52903A-C38B-4056-9C69-A770909C70F9}.Release|Any CPU.Build.0 = Release|Any CPU
		{65548AA2-DE1D-4AE4-825E-488083A59B02}.Debug|Any CPU.ActiveCfg = Debug|Any CPU
		{65548AA2-DE1D-4AE4-825E-488083A59B02}.Debug|Any CPU.Build.0 = Debug|Any CPU
		{65548AA2-DE1D-4AE4-825E-488083A59B02}.Release|Any CPU.ActiveCfg = Release|Any CPU
		{65548AA2-DE1D-4AE4-825E-488083A59B02}.Release|Any CPU.Build.0 = Release|Any CPU
	EndGlobalSection
	GlobalSection(SolutionProperties) = preSolution
		HideSolutionNode = FALSE
	EndGlobalSection
	GlobalSection(ExtensibilityGlobals) = postSolution
		SolutionGuid = {7C7BF78E-1030-4B4B-A7D3-4E204416C5C5}
	EndGlobalSection
EndGlobal
